// !$*UTF8*$!
{
	archiveVersion = 1;
	classes = {
	};
	objectVersion = 50;
	objects = {

/* Begin PBXBuildFile section */
		D153B8EE25E431680035625F /* AppDelegate.m in Sources */ = {isa = PBXBuildFile; fileRef = D153B8ED25E431680035625F /* AppDelegate.m */; };
		D153B8F125E431680035625F /* SceneDelegate.m in Sources */ = {isa = PBXBuildFile; fileRef = D153B8F025E431680035625F /* SceneDelegate.m */; };
		D153B8F425E431680035625F /* ViewController.m in Sources */ = {isa = PBXBuildFile; fileRef = D153B8F325E431680035625F /* ViewController.m */; };
		D153B8F725E431680035625F /* Main.storyboard in Resources */ = {isa = PBXBuildFile; fileRef = D153B8F525E431680035625F /* Main.storyboard */; };
		D153B8F925E4316B0035625F /* Assets.xcassets in Resources */ = {isa = PBXBuildFile; fileRef = D153B8F825E4316B0035625F /* Assets.xcassets */; };
		D153B8FC25E4316B0035625F /* LaunchScreen.storyboard in Resources */ = {isa = PBXBuildFile; fileRef = D153B8FA25E4316B0035625F /* LaunchScreen.storyboard */; };
		D153B8FF25E4316B0035625F /* main.m in Sources */ = {isa = PBXBuildFile; fileRef = D153B8FE25E4316B0035625F /* main.m */; };
		D153B90D25E431A20035625F /* UserNotifications.framework in Frameworks */ = {isa = PBXBuildFile; fileRef = D153B90C25E431A20035625F /* UserNotifications.framework */; };
		D153B90F25E431A20035625F /* UserNotificationsUI.framework in Frameworks */ = {isa = PBXBuildFile; fileRef = D153B90E25E431A20035625F /* UserNotificationsUI.framework */; };
		D153B91325E431A20035625F /* NotificationViewController.m in Sources */ = {isa = PBXBuildFile; fileRef = D153B91225E431A20035625F /* NotificationViewController.m */; };
		D153B91625E431A20035625F /* MainInterface.storyboard in Resources */ = {isa = PBXBuildFile; fileRef = D153B91425E431A20035625F /* MainInterface.storyboard */; };
		D153B91A25E431A20035625F /* notificationContentExtension.appex in Embed App Extensions */ = {isa = PBXBuildFile; fileRef = D153B90A25E431A20035625F /* notificationContentExtension.appex */; settings = {ATTRIBUTES = (RemoveHeadersOnCopy, ); }; };
		D153B97525E452820035625F /* CircularUIView.m in Sources */ = {isa = PBXBuildFile; fileRef = D153B97425E452820035625F /* CircularUIView.m */; };
		D153B97925E452C60035625F /* advancedSwipeView.m in Sources */ = {isa = PBXBuildFile; fileRef = D153B97825E452C60035625F /* advancedSwipeView.m */; };
		D153B98825E4C7B10035625F /* BigView.m in Sources */ = {isa = PBXBuildFile; fileRef = D153B98725E4C7B10035625F /* BigView.m */; };
		D153B98D25E5120D0035625F /* SuccessViewController.m in Sources */ = {isa = PBXBuildFile; fileRef = D153B98C25E5120D0035625F /* SuccessViewController.m */; };
/* End PBXBuildFile section */

/* Begin PBXContainerItemProxy section */
		D153B91825E431A20035625F /* PBXContainerItemProxy */ = {
			isa = PBXContainerItemProxy;
			containerPortal = D153B8E125E431680035625F /* Project object */;
			proxyType = 1;
			remoteGlobalIDString = D153B90925E431A20035625F;
			remoteInfo = notificationContentExtension;
		};
/* End PBXContainerItemProxy section */

/* Begin PBXCopyFilesBuildPhase section */
		D153B91E25E431A20035625F /* Embed App Extensions */ = {
			isa = PBXCopyFilesBuildPhase;
			buildActionMask = 2147483647;
			dstPath = "";
			dstSubfolderSpec = 13;
			files = (
				D153B91A25E431A20035625F /* notificationContentExtension.appex in Embed App Extensions */,
			);
			name = "Embed App Extensions";
			runOnlyForDeploymentPostprocessing = 0;
		};
/* End PBXCopyFilesBuildPhase section */

/* Begin PBXFileReference section */
		D153B8E925E431680035625F /* NotificationDuplicate.app */ = {isa = PBXFileReference; explicitFileType = wrapper.application; includeInIndex = 0; path = NotificationDuplicate.app; sourceTree = BUILT_PRODUCTS_DIR; };
		D153B8EC25E431680035625F /* AppDelegate.h */ = {isa = PBXFileReference; lastKnownFileType = sourcecode.c.h; path = AppDelegate.h; sourceTree = "<group>"; };
		D153B8ED25E431680035625F /* AppDelegate.m */ = {isa = PBXFileReference; lastKnownFileType = sourcecode.c.objc; path = AppDelegate.m; sourceTree = "<group>"; };
		D153B8EF25E431680035625F /* SceneDelegate.h */ = {isa = PBXFileReference; lastKnownFileType = sourcecode.c.h; path = SceneDelegate.h; sourceTree = "<group>"; };
		D153B8F025E431680035625F /* SceneDelegate.m */ = {isa = PBXFileReference; lastKnownFileType = sourcecode.c.objc; path = SceneDelegate.m; sourceTree = "<group>"; };
		D153B8F225E431680035625F /* ViewController.h */ = {isa = PBXFileReference; lastKnownFileType = sourcecode.c.h; path = ViewController.h; sourceTree = "<group>"; };
		D153B8F325E431680035625F /* ViewController.m */ = {isa = PBXFileReference; lastKnownFileType = sourcecode.c.objc; path = ViewController.m; sourceTree = "<group>"; };
		D153B8F625E431680035625F /* Base */ = {isa = PBXFileReference; lastKnownFileType = file.storyboard; name = Base; path = Base.lproj/Main.storyboard; sourceTree = "<group>"; };
		D153B8F825E4316B0035625F /* Assets.xcassets */ = {isa = PBXFileReference; lastKnownFileType = folder.assetcatalog; path = Assets.xcassets; sourceTree = "<group>"; };
		D153B8FB25E4316B0035625F /* Base */ = {isa = PBXFileReference; lastKnownFileType = file.storyboard; name = Base; path = Base.lproj/LaunchScreen.storyboard; sourceTree = "<group>"; };
		D153B8FD25E4316B0035625F /* Info.plist */ = {isa = PBXFileReference; lastKnownFileType = text.plist.xml; path = Info.plist; sourceTree = "<group>"; };
		D153B8FE25E4316B0035625F /* main.m */ = {isa = PBXFileReference; lastKnownFileType = sourcecode.c.objc; path = main.m; sourceTree = "<group>"; };
		D153B90A25E431A20035625F /* notificationContentExtension.appex */ = {isa = PBXFileReference; explicitFileType = "wrapper.app-extension"; includeInIndex = 0; path = notificationContentExtension.appex; sourceTree = BUILT_PRODUCTS_DIR; };
		D153B90C25E431A20035625F /* UserNotifications.framework */ = {isa = PBXFileReference; lastKnownFileType = wrapper.framework; name = UserNotifications.framework; path = System/Library/Frameworks/UserNotifications.framework; sourceTree = SDKROOT; };
		D153B90E25E431A20035625F /* UserNotificationsUI.framework */ = {isa = PBXFileReference; lastKnownFileType = wrapper.framework; name = UserNotificationsUI.framework; path = System/Library/Frameworks/UserNotificationsUI.framework; sourceTree = SDKROOT; };
		D153B91125E431A20035625F /* NotificationViewController.h */ = {isa = PBXFileReference; lastKnownFileType = sourcecode.c.h; path = NotificationViewController.h; sourceTree = "<group>"; };
		D153B91225E431A20035625F /* NotificationViewController.m */ = {isa = PBXFileReference; lastKnownFileType = sourcecode.c.objc; path = NotificationViewController.m; sourceTree = "<group>"; };
		D153B91525E431A20035625F /* Base */ = {isa = PBXFileReference; lastKnownFileType = file.storyboard; name = Base; path = Base.lproj/MainInterface.storyboard; sourceTree = "<group>"; };
		D153B91725E431A20035625F /* Info.plist */ = {isa = PBXFileReference; lastKnownFileType = text.plist.xml; path = Info.plist; sourceTree = "<group>"; };
		D153B97325E452820035625F /* CircularUIView.h */ = {isa = PBXFileReference; fileEncoding = 4; lastKnownFileType = sourcecode.c.h; path = CircularUIView.h; sourceTree = "<group>"; };
		D153B97425E452820035625F /* CircularUIView.m */ = {isa = PBXFileReference; fileEncoding = 4; lastKnownFileType = sourcecode.c.objc; path = CircularUIView.m; sourceTree = "<group>"; };
		D153B97825E452C60035625F /* advancedSwipeView.m */ = {isa = PBXFileReference; fileEncoding = 4; lastKnownFileType = sourcecode.c.objc; path = advancedSwipeView.m; sourceTree = "<group>"; };
		D153B97C25E452DB0035625F /* advancedSwipeView.h */ = {isa = PBXFileReference; fileEncoding = 4; lastKnownFileType = sourcecode.c.h; path = advancedSwipeView.h; sourceTree = "<group>"; };
		D153B97E25E4530A0035625F /* AdvancedSwipeViewDelegate.h */ = {isa = PBXFileReference; fileEncoding = 4; lastKnownFileType = sourcecode.c.h; path = AdvancedSwipeViewDelegate.h; sourceTree = "<group>"; };
		D153B98625E4C7B10035625F /* BigView.h */ = {isa = PBXFileReference; lastKnownFileType = sourcecode.c.h; path = BigView.h; sourceTree = "<group>"; };
		D153B98725E4C7B10035625F /* BigView.m */ = {isa = PBXFileReference; lastKnownFileType = sourcecode.c.objc; path = BigView.m; sourceTree = "<group>"; };
		D153B98B25E5120D0035625F /* SuccessViewController.h */ = {isa = PBXFileReference; lastKnownFileType = sourcecode.c.h; path = SuccessViewController.h; sourceTree = "<group>"; };
		D153B98C25E5120D0035625F /* SuccessViewController.m */ = {isa = PBXFileReference; lastKnownFileType = sourcecode.c.objc; path = SuccessViewController.m; sourceTree = "<group>"; };
/* End PBXFileReference section */

/* Begin PBXFrameworksBuildPhase section */
		D153B8E625E431680035625F /* Frameworks */ = {
			isa = PBXFrameworksBuildPhase;
			buildActionMask = 2147483647;
			files = (
			);
			runOnlyForDeploymentPostprocessing = 0;
		};
		D153B90725E431A20035625F /* Frameworks */ = {
			isa = PBXFrameworksBuildPhase;
			buildActionMask = 2147483647;
			files = (
				D153B90F25E431A20035625F /* UserNotificationsUI.framework in Frameworks */,
				D153B90D25E431A20035625F /* UserNotifications.framework in Frameworks */,
			);
			runOnlyForDeploymentPostprocessing = 0;
		};
/* End PBXFrameworksBuildPhase section */

/* Begin PBXGroup section */
		D153B8E025E431680035625F = {
			isa = PBXGroup;
			children = (
				D153B8EB25E431680035625F /* NotificationDuplicate */,
				D153B91025E431A20035625F /* notificationContentExtension */,
				D153B90B25E431A20035625F /* Frameworks */,
				D153B8EA25E431680035625F /* Products */,
			);
			sourceTree = "<group>";
		};
		D153B8EA25E431680035625F /* Products */ = {
			isa = PBXGroup;
			children = (
				D153B8E925E431680035625F /* NotificationDuplicate.app */,
				D153B90A25E431A20035625F /* notificationContentExtension.appex */,
			);
			name = Products;
			sourceTree = "<group>";
		};
		D153B8EB25E431680035625F /* NotificationDuplicate */ = {
			isa = PBXGroup;
			children = (
				D153B8EC25E431680035625F /* AppDelegate.h */,
				D153B8ED25E431680035625F /* AppDelegate.m */,
				D153B8EF25E431680035625F /* SceneDelegate.h */,
				D153B8F025E431680035625F /* SceneDelegate.m */,
				D153B8F225E431680035625F /* ViewController.h */,
				D153B8F325E431680035625F /* ViewController.m */,
				D153B8F525E431680035625F /* Main.storyboard */,
				D153B8F825E4316B0035625F /* Assets.xcassets */,
				D153B8FA25E4316B0035625F /* LaunchScreen.storyboard */,
				D153B8FD25E4316B0035625F /* Info.plist */,
				D153B8FE25E4316B0035625F /* main.m */,
			);
			path = NotificationDuplicate;
			sourceTree = "<group>";
		};
		D153B90B25E431A20035625F /* Frameworks */ = {
			isa = PBXGroup;
			children = (
				D153B90C25E431A20035625F /* UserNotifications.framework */,
				D153B90E25E431A20035625F /* UserNotificationsUI.framework */,
			);
			name = Frameworks;
			sourceTree = "<group>";
		};
		D153B91025E431A20035625F /* notificationContentExtension */ = {
			isa = PBXGroup;
			children = (
				D153B97D25E4530A0035625F /* CustomProtocols */,
				D153B91125E431A20035625F /* NotificationViewController.h */,
				D153B91225E431A20035625F /* NotificationViewController.m */,
				D153B91425E431A20035625F /* MainInterface.storyboard */,
				D153B91725E431A20035625F /* Info.plist */,
				D153B97225E452820035625F /* CustomViews */,
				D153B98625E4C7B10035625F /* BigView.h */,
				D153B98725E4C7B10035625F /* BigView.m */,
				D153B98B25E5120D0035625F /* SuccessViewController.h */,
				D153B98C25E5120D0035625F /* SuccessViewController.m */,
			);
			path = notificationContentExtension;
			sourceTree = "<group>";
		};
		D153B97225E452820035625F /* CustomViews */ = {
			isa = PBXGroup;
			children = (
				D153B97325E452820035625F /* CircularUIView.h */,
				D153B97425E452820035625F /* CircularUIView.m */,
				D153B97C25E452DB0035625F /* advancedSwipeView.h */,
				D153B97825E452C60035625F /* advancedSwipeView.m */,
			);
			path = CustomViews;
			sourceTree = "<group>";
		};
		D153B97D25E4530A0035625F /* CustomProtocols */ = {
			isa = PBXGroup;
			children = (
				D153B97E25E4530A0035625F /* AdvancedSwipeViewDelegate.h */,
			);
			path = CustomProtocols;
			sourceTree = "<group>";
		};
/* End PBXGroup section */

/* Begin PBXNativeTarget section */
		D153B8E825E431680035625F /* NotificationDuplicate */ = {
			isa = PBXNativeTarget;
			buildConfigurationList = D153B90225E4316B0035625F /* Build configuration list for PBXNativeTarget "NotificationDuplicate" */;
			buildPhases = (
				D153B8E525E431680035625F /* Sources */,
				D153B8E625E431680035625F /* Frameworks */,
				D153B8E725E431680035625F /* Resources */,
				D153B91E25E431A20035625F /* Embed App Extensions */,
			);
			buildRules = (
			);
			dependencies = (
				D153B91925E431A20035625F /* PBXTargetDependency */,
			);
			name = NotificationDuplicate;
			productName = NotificationDuplicate;
			productReference = D153B8E925E431680035625F /* NotificationDuplicate.app */;
			productType = "com.apple.product-type.application";
		};
		D153B90925E431A20035625F /* notificationContentExtension */ = {
			isa = PBXNativeTarget;
			buildConfigurationList = D153B91B25E431A20035625F /* Build configuration list for PBXNativeTarget "notificationContentExtension" */;
			buildPhases = (
				D153B90625E431A20035625F /* Sources */,
				D153B90725E431A20035625F /* Frameworks */,
				D153B90825E431A20035625F /* Resources */,
			);
			buildRules = (
			);
			dependencies = (
			);
			name = notificationContentExtension;
			productName = notificationContentExtension;
			productReference = D153B90A25E431A20035625F /* notificationContentExtension.appex */;
			productType = "com.apple.product-type.app-extension";
		};
/* End PBXNativeTarget section */

/* Begin PBXProject section */
		D153B8E125E431680035625F /* Project object */ = {
			isa = PBXProject;
			attributes = {
				LastUpgradeCheck = 1230;
				TargetAttributes = {
					D153B8E825E431680035625F = {
						CreatedOnToolsVersion = 12.3;
					};
					D153B90925E431A20035625F = {
						CreatedOnToolsVersion = 12.3;
					};
				};
			};
			buildConfigurationList = D153B8E425E431680035625F /* Build configuration list for PBXProject "NotificationDuplicate" */;
			compatibilityVersion = "Xcode 9.3";
			developmentRegion = en;
			hasScannedForEncodings = 0;
			knownRegions = (
				en,
				Base,
			);
			mainGroup = D153B8E025E431680035625F;
			productRefGroup = D153B8EA25E431680035625F /* Products */;
			projectDirPath = "";
			projectRoot = "";
			targets = (
				D153B8E825E431680035625F /* NotificationDuplicate */,
				D153B90925E431A20035625F /* notificationContentExtension */,
			);
		};
/* End PBXProject section */

/* Begin PBXResourcesBuildPhase section */
		D153B8E725E431680035625F /* Resources */ = {
			isa = PBXResourcesBuildPhase;
			buildActionMask = 2147483647;
			files = (
				D153B8FC25E4316B0035625F /* LaunchScreen.storyboard in Resources */,
				D153B8F925E4316B0035625F /* Assets.xcassets in Resources */,
				D153B8F725E431680035625F /* Main.storyboard in Resources */,
			);
			runOnlyForDeploymentPostprocessing = 0;
		};
		D153B90825E431A20035625F /* Resources */ = {
			isa = PBXResourcesBuildPhase;
			buildActionMask = 2147483647;
			files = (
				D153B91625E431A20035625F /* MainInterface.storyboard in Resources */,
			);
			runOnlyForDeploymentPostprocessing = 0;
		};
/* End PBXResourcesBuildPhase section */

/* Begin PBXSourcesBuildPhase section */
		D153B8E525E431680035625F /* Sources */ = {
			isa = PBXSourcesBuildPhase;
			buildActionMask = 2147483647;
			files = (
				D153B8F425E431680035625F /* ViewController.m in Sources */,
				D153B8EE25E431680035625F /* AppDelegate.m in Sources */,
				D153B8FF25E4316B0035625F /* main.m in Sources */,
				D153B8F125E431680035625F /* SceneDelegate.m in Sources */,
			);
			runOnlyForDeploymentPostprocessing = 0;
		};
		D153B90625E431A20035625F /* Sources */ = {
			isa = PBXSourcesBuildPhase;
			buildActionMask = 2147483647;
			files = (
				D153B91325E431A20035625F /* NotificationViewController.m in Sources */,
				D153B98825E4C7B10035625F /* BigView.m in Sources */,
				D153B97525E452820035625F /* CircularUIView.m in Sources */,
				D153B98D25E5120D0035625F /* SuccessViewController.m in Sources */,
				D153B97925E452C60035625F /* advancedSwipeView.m in Sources */,
			);
			runOnlyForDeploymentPostprocessing = 0;
		};
/* End PBXSourcesBuildPhase section */

/* Begin PBXTargetDependency section */
		D153B91925E431A20035625F /* PBXTargetDependency */ = {
			isa = PBXTargetDependency;
			target = D153B90925E431A20035625F /* notificationContentExtension */;
			targetProxy = D153B91825E431A20035625F /* PBXContainerItemProxy */;
		};
/* End PBXTargetDependency section */

/* Begin PBXVariantGroup section */
		D153B8F525E431680035625F /* Main.storyboard */ = {
			isa = PBXVariantGroup;
			children = (
				D153B8F625E431680035625F /* Base */,
			);
			name = Main.storyboard;
			sourceTree = "<group>";
		};
		D153B8FA25E4316B0035625F /* LaunchScreen.storyboard */ = {
			isa = PBXVariantGroup;
			children = (
				D153B8FB25E4316B0035625F /* Base */,
			);
			name = LaunchScreen.storyboard;
			sourceTree = "<group>";
		};
		D153B91425E431A20035625F /* MainInterface.storyboard */ = {
			isa = PBXVariantGroup;
			children = (
				D153B91525E431A20035625F /* Base */,
			);
			name = MainInterface.storyboard;
			sourceTree = "<group>";
		};
/* End PBXVariantGroup section */

/* Begin XCBuildConfiguration section */
		D153B90025E4316B0035625F /* Debug */ = {
			isa = XCBuildConfiguration;
			buildSettings = {
				ALWAYS_SEARCH_USER_PATHS = NO;
				CLANG_ANALYZER_NONNULL = YES;
				CLANG_ANALYZER_NUMBER_OBJECT_CONVERSION = YES_AGGRESSIVE;
				CLANG_CXX_LANGUAGE_STANDARD = "gnu++14";
				CLANG_CXX_LIBRARY = "libc++";
				CLANG_ENABLE_MODULES = YES;
				CLANG_ENABLE_OBJC_ARC = YES;
				CLANG_ENABLE_OBJC_WEAK = YES;
				CLANG_WARN_BLOCK_CAPTURE_AUTORELEASING = YES;
				CLANG_WARN_BOOL_CONVERSION = YES;
				CLANG_WARN_COMMA = YES;
				CLANG_WARN_CONSTANT_CONVERSION = YES;
				CLANG_WARN_DEPRECATED_OBJC_IMPLEMENTATIONS = YES;
				CLANG_WARN_DIRECT_OBJC_ISA_USAGE = YES_ERROR;
				CLANG_WARN_DOCUMENTATION_COMMENTS = YES;
				CLANG_WARN_EMPTY_BODY = YES;
				CLANG_WARN_ENUM_CONVERSION = YES;
				CLANG_WARN_INFINITE_RECURSION = YES;
				CLANG_WARN_INT_CONVERSION = YES;
				CLANG_WARN_NON_LITERAL_NULL_CONVERSION = YES;
				CLANG_WARN_OBJC_IMPLICIT_RETAIN_SELF = YES;
				CLANG_WARN_OBJC_LITERAL_CONVERSION = YES;
				CLANG_WARN_OBJC_ROOT_CLASS = YES_ERROR;
				CLANG_WARN_QUOTED_INCLUDE_IN_FRAMEWORK_HEADER = YES;
				CLANG_WARN_RANGE_LOOP_ANALYSIS = YES;
				CLANG_WARN_STRICT_PROTOTYPES = YES;
				CLANG_WARN_SUSPICIOUS_MOVE = YES;
				CLANG_WARN_UNGUARDED_AVAILABILITY = YES_AGGRESSIVE;
				CLANG_WARN_UNREACHABLE_CODE = YES;
				CLANG_WARN__DUPLICATE_METHOD_MATCH = YES;
				COPY_PHASE_STRIP = NO;
				DEBUG_INFORMATION_FORMAT = dwarf;
				ENABLE_STRICT_OBJC_MSGSEND = YES;
				ENABLE_TESTABILITY = YES;
				GCC_C_LANGUAGE_STANDARD = gnu11;
				GCC_DYNAMIC_NO_PIC = NO;
				GCC_NO_COMMON_BLOCKS = YES;
				GCC_OPTIMIZATION_LEVEL = 0;
				GCC_PREPROCESSOR_DEFINITIONS = (
					"DEBUG=1",
					"$(inherited)",
				);
				GCC_WARN_64_TO_32_BIT_CONVERSION = YES;
				GCC_WARN_ABOUT_RETURN_TYPE = YES_ERROR;
				GCC_WARN_UNDECLARED_SELECTOR = YES;
				GCC_WARN_UNINITIALIZED_AUTOS = YES_AGGRESSIVE;
				GCC_WARN_UNUSED_FUNCTION = YES;
				GCC_WARN_UNUSED_VARIABLE = YES;
				IPHONEOS_DEPLOYMENT_TARGET = 14.3;
				MTL_ENABLE_DEBUG_INFO = INCLUDE_SOURCE;
				MTL_FAST_MATH = YES;
				ONLY_ACTIVE_ARCH = YES;
				SDKROOT = iphoneos;
			};
			name = Debug;
		};
		D153B90125E4316B0035625F /* Release */ = {
			isa = XCBuildConfiguration;
			buildSettings = {
				ALWAYS_SEARCH_USER_PATHS = NO;
				CLANG_ANALYZER_NONNULL = YES;
				CLANG_ANALYZER_NUMBER_OBJECT_CONVERSION = YES_AGGRESSIVE;
				CLANG_CXX_LANGUAGE_STANDARD = "gnu++14";
				CLANG_CXX_LIBRARY = "libc++";
				CLANG_ENABLE_MODULES = YES;
				CLANG_ENABLE_OBJC_ARC = YES;
				CLANG_ENABLE_OBJC_WEAK = YES;
				CLANG_WARN_BLOCK_CAPTURE_AUTORELEASING = YES;
				CLANG_WARN_BOOL_CONVERSION = YES;
				CLANG_WARN_COMMA = YES;
				CLANG_WARN_CONSTANT_CONVERSION = YES;
				CLANG_WARN_DEPRECATED_OBJC_IMPLEMENTATIONS = YES;
				CLANG_WARN_DIRECT_OBJC_ISA_USAGE = YES_ERROR;
				CLANG_WARN_DOCUMENTATION_COMMENTS = YES;
				CLANG_WARN_EMPTY_BODY = YES;
				CLANG_WARN_ENUM_CONVERSION = YES;
				CLANG_WARN_INFINITE_RECURSION = YES;
				CLANG_WARN_INT_CONVERSION = YES;
				CLANG_WARN_NON_LITERAL_NULL_CONVERSION = YES;
				CLANG_WARN_OBJC_IMPLICIT_RETAIN_SELF = YES;
				CLANG_WARN_OBJC_LITERAL_CONVERSION = YES;
				CLANG_WARN_OBJC_ROOT_CLASS = YES_ERROR;
				CLANG_WARN_QUOTED_INCLUDE_IN_FRAMEWORK_HEADER = YES;
				CLANG_WARN_RANGE_LOOP_ANALYSIS = YES;
				CLANG_WARN_STRICT_PROTOTYPES = YES;
				CLANG_WARN_SUSPICIOUS_MOVE = YES;
				CLANG_WARN_UNGUARDED_AVAILABILITY = YES_AGGRESSIVE;
				CLANG_WARN_UNREACHABLE_CODE = YES;
				CLANG_WARN__DUPLICATE_METHOD_MATCH = YES;
				COPY_PHASE_STRIP = NO;
				DEBUG_INFORMATION_FORMAT = "dwarf-with-dsym";
				ENABLE_NS_ASSERTIONS = NO;
				ENABLE_STRICT_OBJC_MSGSEND = YES;
				GCC_C_LANGUAGE_STANDARD = gnu11;
				GCC_NO_COMMON_BLOCKS = YES;
				GCC_WARN_64_TO_32_BIT_CONVERSION = YES;
				GCC_WARN_ABOUT_RETURN_TYPE = YES_ERROR;
				GCC_WARN_UNDECLARED_SELECTOR = YES;
				GCC_WARN_UNINITIALIZED_AUTOS = YES_AGGRESSIVE;
				GCC_WARN_UNUSED_FUNCTION = YES;
				GCC_WARN_UNUSED_VARIABLE = YES;
				IPHONEOS_DEPLOYMENT_TARGET = 14.3;
				MTL_ENABLE_DEBUG_INFO = NO;
				MTL_FAST_MATH = YES;
				SDKROOT = iphoneos;
				VALIDATE_PRODUCT = YES;
			};
			name = Release;
		};
		D153B90325E4316B0035625F /* Debug */ = {
			isa = XCBuildConfiguration;
			buildSettings = {
				ASSETCATALOG_COMPILER_APPICON_NAME = AppIcon;
				ASSETCATALOG_COMPILER_GLOBAL_ACCENT_COLOR_NAME = AccentColor;
				CODE_SIGN_STYLE = Automatic;
				INFOPLIST_FILE = NotificationDuplicate/Info.plist;
				LD_RUNPATH_SEARCH_PATHS = (
					"$(inherited)",
					"@executable_path/Frameworks",
				);
				PRODUCT_BUNDLE_IDENTIFIER = zeta.hackTwo.NotificationDuplicate;
				PRODUCT_NAME = "$(TARGET_NAME)";
				TARGETED_DEVICE_FAMILY = "1,2";
			};
			name = Debug;
		};
		D153B90425E4316B0035625F /* Release */ = {
			isa = XCBuildConfiguration;
			buildSettings = {
				ASSETCATALOG_COMPILER_APPICON_NAME = AppIcon;
				ASSETCATALOG_COMPILER_GLOBAL_ACCENT_COLOR_NAME = AccentColor;
				CODE_SIGN_STYLE = Automatic;
				INFOPLIST_FILE = NotificationDuplicate/Info.plist;
				LD_RUNPATH_SEARCH_PATHS = (
					"$(inherited)",
					"@executable_path/Frameworks",
				);
				PRODUCT_BUNDLE_IDENTIFIER = zeta.hackTwo.NotificationDuplicate;
				PRODUCT_NAME = "$(TARGET_NAME)";
				TARGETED_DEVICE_FAMILY = "1,2";
			};
			name = Release;
		};
		D153B91C25E431A20035625F /* Debug */ = {
			isa = XCBuildConfiguration;
			buildSettings = {
				CODE_SIGN_STYLE = Automatic;
				INFOPLIST_FILE = notificationContentExtension/Info.plist;
				LD_RUNPATH_SEARCH_PATHS = (
					"$(inherited)",
					"@executable_path/Frameworks",
					"@executable_path/../../Frameworks",
				);
				PRODUCT_BUNDLE_IDENTIFIER = zeta.hackTwo.NotificationDuplicate.notificationContentExtension;
				PRODUCT_NAME = "$(TARGET_NAME)";
				SKIP_INSTALL = YES;
				TARGETED_DEVICE_FAMILY = "1,2";
			};
			name = Debug;
		};
		D153B91D25E431A20035625F /* Release */ = {
			isa = XCBuildConfiguration;
			buildSettings = {
				CODE_SIGN_STYLE = Automatic;
				INFOPLIST_FILE = notificationContentExtension/Info.plist;
				LD_RUNPATH_SEARCH_PATHS = (
					"$(inherited)",
					"@executable_path/Frameworks",
					"@executable_path/../../Frameworks",
				);
				PRODUCT_BUNDLE_IDENTIFIER = zeta.hackTwo.NotificationDuplicate.notificationContentExtension;
				PRODUCT_NAME = "$(TARGET_NAME)";
				SKIP_INSTALL = YES;
				TARGETED_DEVICE_FAMILY = "1,2";
			};
			name = Release;
		};
/* End XCBuildConfiguration section */

/* Begin XCConfigurationList section */
		D153B8E425E431680035625F /* Build configuration list for PBXProject "NotificationDuplicate" */ = {
			isa = XCConfigurationList;
			buildConfigurations = (
				D153B90025E4316B0035625F /* Debug */,
				D153B90125E4316B0035625F /* Release */,
			);
			defaultConfigurationIsVisible = 0;
			defaultConfigurationName = Release;
		};
		D153B90225E4316B0035625F /* Build configuration list for PBXNativeTarget "NotificationDuplicate" */ = {
			isa = XCConfigurationList;
			buildConfigurations = (
				D153B90325E4316B0035625F /* Debug */,
				D153B90425E4316B0035625F /* Release */,
			);
			defaultConfigurationIsVisible = 0;
			defaultConfigurationName = Release;
		};
		D153B91B25E431A20035625F /* Build configuration list for PBXNativeTarget "notificationContentExtension" */ = {
			isa = XCConfigurationList;
			buildConfigurations = (
				D153B91C25E431A20035625F /* Debug */,
				D153B91D25E431A20035625F /* Release */,
			);
			defaultConfigurationIsVisible = 0;
			defaultConfigurationName = Release;
		};
/* End XCConfigurationList section */
	};
	rootObject = D153B8E125E431680035625F /* Project object */;
}
